
Microsoft Visual Studio Solution File, Format Version 12.00
# Visual Studio 2012
Project("{FAE04EC0-301F-11D3-BF4B-00C04F79EFBC}") = "NewRelicDotNetAgentAPIDemo", "NewRelicDotNetAgentAPIDemo\NewRelicDotNetAgentAPIDemo.csproj", "{23ACA311-78DD-4011-9FD8-9CAD5D6E2832}"
EndProject
Project("{FAE04EC0-301F-11D3-BF4B-00C04F79EFBC}") = "NewRelicDotNetAgentAPIDemo.Tests", "NewRelicDotNetAgentAPIDemo.Tests\NewRelicDotNetAgentAPIDemo.Tests.csproj", "{19B4A8CA-3164-4355-8659-58CC82914FC9}"
EndProject
Project("{2150E333-8FDC-42A3-9474-1A3956D46DE8}") = ".nuget", ".nuget", "{6CF43D10-4931-48CB-8AE0-68AF40743EB7}"
	ProjectSection(SolutionItems) = preProject
		.nuget\NuGet.Config = .nuget\NuGet.Config
		.nuget\NuGet.exe = .nuget\NuGet.exe
		.nuget\NuGet.targets = .nuget\NuGet.targets
	EndProjectSection
EndProject
Global
	GlobalSection(SolutionConfigurationPlatforms) = preSolution
		Debug|Any CPU = Debug|Any CPU
		Release|Any CPU = Release|Any CPU
	EndGlobalSection
	GlobalSection(ProjectConfigurationPlatforms) = postSolution
		{23ACA311-78DD-4011-9FD8-9CAD5D6E2832}.Debug|Any CPU.ActiveCfg = Debug|Any CPU
		{23ACA311-78DD-4011-9FD8-9CAD5D6E2832}.Debug|Any CPU.Build.0 = Debug|Any CPU
		{23ACA311-78DD-4011-9FD8-9CAD5D6E2832}.Release|Any CPU.ActiveCfg = Release|Any CPU
		{23ACA311-78DD-4011-9FD8-9CAD5D6E2832}.Release|Any CPU.Build.0 = Release|Any CPU
		{19B4A8CA-3164-4355-8659-58CC82914FC9}.Debug|Any CPU.ActiveCfg = Debug|Any CPU
		{19B4A8CA-3164-4355-8659-58CC82914FC9}.Debug|Any CPU.Build.0 = Debug|Any CPU
		{19B4A8CA-3164-4355-8659-58CC82914FC9}.Release|Any CPU.ActiveCfg = Release|Any CPU
		{19B4A8CA-3164-4355-8659-58CC82914FC9}.Release|Any CPU.Build.0 = Release|Any CPU
	EndGlobalSection
	GlobalSection(SolutionProperties) = preSolution
		HideSolutionNode = FALSE
	EndGlobalSection
EndGlobal
